
Microsoft Visual Studio Solution File, Format Version 12.00
# Visual Studio Version 17
VisualStudioVersion = 17.0.32112.339
MinimumVisualStudioVersion = 10.0.40219.1
Project("{FAE04EC0-301F-11D3-BF4B-00C04F79EFBC}") = "UI", "ciftlikoyunu\UI.csproj", "{529F2ED3-5E0B-4CD0-9251-37A51B3DB30C}"
EndProject
Project("{FAE04EC0-301F-11D3-BF4B-00C04F79EFBC}") = "BLL", "BLL\BLL.csproj", "{17C454FE-0E99-4930-9A64-4991A87B754F}"
EndProject
Project("{FAE04EC0-301F-11D3-BF4B-00C04F79EFBC}") = "DAL", "DAL\DAL.csproj", "{9F9299C1-2FDA-4418-A9B8-5DFC6A48E2DB}"
EndProject
Global
	GlobalSection(SolutionConfigurationPlatforms) = preSolution
		Debug|Any CPU = Debug|Any CPU
		Release|Any CPU = Release|Any CPU
	EndGlobalSection
	GlobalSection(ProjectConfigurationPlatforms) = postSolution
		{529F2ED3-5E0B-4CD0-9251-37A51B3DB30C}.Debug|Any CPU.ActiveCfg = Debug|Any CPU
		{529F2ED3-5E0B-4CD0-9251-37A51B3DB30C}.Debug|Any CPU.Build.0 = Debug|Any CPU
		{529F2ED3-5E0B-4CD0-9251-37A51B3DB30C}.Release|Any CPU.ActiveCfg = Release|Any CPU
		{529F2ED3-5E0B-4CD0-9251-37A51B3DB30C}.Release|Any CPU.Build.0 = Release|Any CPU
		{17C454FE-0E99-4930-9A64-4991A87B754F}.Debug|Any CPU.ActiveCfg = Debug|Any CPU
		{17C454FE-0E99-4930-9A64-4991A87B754F}.Debug|Any CPU.Build.0 = Debug|Any CPU
		{17C454FE-0E99-4930-9A64-4991A87B754F}.Release|Any CPU.ActiveCfg = Release|Any CPU
		{17C454FE-0E99-4930-9A64-4991A87B754F}.Release|Any CPU.Build.0 = Release|Any CPU
		{9F9299C1-2FDA-4418-A9B8-5DFC6A48E2DB}.Debug|Any CPU.ActiveCfg = Debug|Any CPU
		{9F9299C1-2FDA-4418-A9B8-5DFC6A48E2DB}.Debug|Any CPU.Build.0 = Debug|Any CPU
		{9F9299C1-2FDA-4418-A9B8-5DFC6A48E2DB}.Release|Any CPU.ActiveCfg = Release|Any CPU
		{9F9299C1-2FDA-4418-A9B8-5DFC6A48E2DB}.Release|Any CPU.Build.0 = Release|Any CPU
	EndGlobalSection
	GlobalSection(SolutionProperties) = preSolution
		HideSolutionNode = FALSE
	EndGlobalSection
	GlobalSection(ExtensibilityGlobals) = postSolution
		SolutionGuid = {4F968019-78D7-4FC5-93E3-168CADB8F489}
	EndGlobalSection
EndGlobal
